
Microsoft Visual Studio Solution File, Format Version 12.00
# Visual Studio Version 17
VisualStudioVersion = 17.4.33213.308
MinimumVisualStudioVersion = 10.0.40219.1
Project("{FAE04EC0-301F-11D3-BF4B-00C04F79EFBC}") = "ChallengeOne_Medium", "ChallengeOne_Medium\ChallengeOne_Medium.csproj", "{37482C83-385A-4A1E-958D-460A62968AC0}"
EndProject
Global
	GlobalSection(SolutionConfigurationPlatforms) = preSolution
		Debug|Any CPU = Debug|Any CPU
		Release|Any CPU = Release|Any CPU
	EndGlobalSection
	GlobalSection(ProjectConfigurationPlatforms) = postSolution
		{37482C83-385A-4A1E-958D-460A62968AC0}.Debug|Any CPU.ActiveCfg = Debug|Any CPU
		{37482C83-385A-4A1E-958D-460A62968AC0}.Debug|Any CPU.Build.0 = Debug|Any CPU
		{37482C83-385A-4A1E-958D-460A62968AC0}.Release|Any CPU.ActiveCfg = Release|Any CPU
		{37482C83-385A-4A1E-958D-460A62968AC0}.Release|Any CPU.Build.0 = Release|Any CPU
	EndGlobalSection
	GlobalSection(SolutionProperties) = preSolution
		HideSolutionNode = FALSE
	EndGlobalSection
	GlobalSection(ExtensibilityGlobals) = postSolution
		SolutionGuid = {3C807763-57AF-4C99-811D-399AC22187FA}
	EndGlobalSection
EndGlobal
