
Microsoft Visual Studio Solution File, Format Version 12.00
# Visual Studio Version 17
VisualStudioVersion = 17.13.35931.197 d17.13
MinimumVisualStudioVersion = 10.0.40219.1
Project("{FAE04EC0-301F-11D3-BF4B-00C04F79EFBC}") = "ClassStruture", "ClassStruture\ClassStruture.csproj", "{643E6F8B-AD50-4035-A888-226271442E58}"
EndProject
Global
	GlobalSection(SolutionConfigurationPlatforms) = preSolution
		Debug|Any CPU = Debug|Any CPU
		Release|Any CPU = Release|Any CPU
	EndGlobalSection
	GlobalSection(ProjectConfigurationPlatforms) = postSolution
		{643E6F8B-AD50-4035-A888-226271442E58}.Debug|Any CPU.ActiveCfg = Debug|Any CPU
		{643E6F8B-AD50-4035-A888-226271442E58}.Debug|Any CPU.Build.0 = Debug|Any CPU
		{643E6F8B-AD50-4035-A888-226271442E58}.Release|Any CPU.ActiveCfg = Release|Any CPU
		{643E6F8B-AD50-4035-A888-226271442E58}.Release|Any CPU.Build.0 = Release|Any CPU
	EndGlobalSection
	GlobalSection(SolutionProperties) = preSolution
		HideSolutionNode = FALSE
	EndGlobalSection
	GlobalSection(ExtensibilityGlobals) = postSolution
		SolutionGuid = {F8018DF6-7466-4639-AC1C-7F76117D1C5C}
	EndGlobalSection
EndGlobal
